{
  "version": "5",
  "specifiers": {
    "jsr:@std/cli@^1.0.6": "1.0.27"
  },
  "jsr": {
    "@std/cli@1.0.27": {
      "integrity": "eba97edd0891871a7410e835dd94b3c260c709cca5983df2689c25a71fbe04de"
    }
  },
  "workspace": {
    "dependencies": [
      "jsr:@std/assert@1",
      "jsr:@std/cli@^1.0.6",
      "jsr:@std/crypto@^1.0.3"
    ]
  }
}
